
Microsoft Visual Studio Solution File, Format Version 12.00
# Visual Studio Express 2013 for Windows Desktop
VisualStudioVersion = 12.0.21005.1
MinimumVisualStudioVersion = 10.0.40219.1
Project("{F2A71F9B-5D33-465A-A702-920D77279786}") = "TypeInferred.Utilities", "TypeInferred.Utilities\TypeInferred.Utilities.fsproj", "{2C4CDEF2-2613-4514-87EF-029E18A6D033}"
EndProject
Project("{F2A71F9B-5D33-465A-A702-920D77279786}") = "TypeInferred.HashBang.Core", "TypeInferred.HashBang.Core\TypeInferred.HashBang.Core.fsproj", "{43EC7D0C-04AE-48BD-B1C3-BE3F2B8EC4A3}"
EndProject
Project("{F2A71F9B-5D33-465A-A702-920D77279786}") = "TypeInferred.HashBang.Provider", "TypeInferred.HashBang.Provider\TypeInferred.HashBang.Provider.fsproj", "{97AD7CCF-830D-444A-BE52-B6C0B5444C67}"
EndProject
Project("{F2A71F9B-5D33-465A-A702-920D77279786}") = "TypeInferred.HashBang.Html", "TypeInferred.HashBang.Html\TypeInferred.HashBang.Html.fsproj", "{FF0B1036-F743-4CDA-8D5D-73EC6D68DBD3}"
EndProject
Project("{F2A71F9B-5D33-465A-A702-920D77279786}") = "TypeInferred.HashBang.Routing", "TypeInferred.HashBang.Routing\TypeInferred.HashBang.Routing.fsproj", "{BC60E4CB-6AF7-4571-B8DB-A2E1C61794E9}"
EndProject
Project("{F2A71F9B-5D33-465A-A702-920D77279786}") = "TypeInferred.HashBang.Dynamic", "TypeInferred.HashBang.Dynamic\TypeInferred.HashBang.Dynamic.fsproj", "{6F479BCE-A3F5-41E4-9CE2-B95DCF6904B6}"
EndProject
Global
	GlobalSection(SolutionConfigurationPlatforms) = preSolution
		Debug|Any CPU = Debug|Any CPU
		Release|Any CPU = Release|Any CPU
	EndGlobalSection
	GlobalSection(ProjectConfigurationPlatforms) = postSolution
		{2C4CDEF2-2613-4514-87EF-029E18A6D033}.Debug|Any CPU.ActiveCfg = Debug|Any CPU
		{2C4CDEF2-2613-4514-87EF-029E18A6D033}.Debug|Any CPU.Build.0 = Debug|Any CPU
		{2C4CDEF2-2613-4514-87EF-029E18A6D033}.Release|Any CPU.ActiveCfg = Release|Any CPU
		{2C4CDEF2-2613-4514-87EF-029E18A6D033}.Release|Any CPU.Build.0 = Release|Any CPU
		{43EC7D0C-04AE-48BD-B1C3-BE3F2B8EC4A3}.Debug|Any CPU.ActiveCfg = Debug|Any CPU
		{43EC7D0C-04AE-48BD-B1C3-BE3F2B8EC4A3}.Debug|Any CPU.Build.0 = Debug|Any CPU
		{43EC7D0C-04AE-48BD-B1C3-BE3F2B8EC4A3}.Release|Any CPU.ActiveCfg = Release|Any CPU
		{43EC7D0C-04AE-48BD-B1C3-BE3F2B8EC4A3}.Release|Any CPU.Build.0 = Release|Any CPU
		{97AD7CCF-830D-444A-BE52-B6C0B5444C67}.Debug|Any CPU.ActiveCfg = Debug|Any CPU
		{97AD7CCF-830D-444A-BE52-B6C0B5444C67}.Debug|Any CPU.Build.0 = Debug|Any CPU
		{97AD7CCF-830D-444A-BE52-B6C0B5444C67}.Release|Any CPU.ActiveCfg = Release|Any CPU
		{97AD7CCF-830D-444A-BE52-B6C0B5444C67}.Release|Any CPU.Build.0 = Release|Any CPU
		{FF0B1036-F743-4CDA-8D5D-73EC6D68DBD3}.Debug|Any CPU.ActiveCfg = Debug|Any CPU
		{FF0B1036-F743-4CDA-8D5D-73EC6D68DBD3}.Debug|Any CPU.Build.0 = Debug|Any CPU
		{FF0B1036-F743-4CDA-8D5D-73EC6D68DBD3}.Release|Any CPU.ActiveCfg = Release|Any CPU
		{FF0B1036-F743-4CDA-8D5D-73EC6D68DBD3}.Release|Any CPU.Build.0 = Release|Any CPU
		{BC60E4CB-6AF7-4571-B8DB-A2E1C61794E9}.Debug|Any CPU.ActiveCfg = Debug|Any CPU
		{BC60E4CB-6AF7-4571-B8DB-A2E1C61794E9}.Debug|Any CPU.Build.0 = Debug|Any CPU
		{BC60E4CB-6AF7-4571-B8DB-A2E1C61794E9}.Release|Any CPU.ActiveCfg = Release|Any CPU
		{BC60E4CB-6AF7-4571-B8DB-A2E1C61794E9}.Release|Any CPU.Build.0 = Release|Any CPU
		{6F479BCE-A3F5-41E4-9CE2-B95DCF6904B6}.Debug|Any CPU.ActiveCfg = Debug|Any CPU
		{6F479BCE-A3F5-41E4-9CE2-B95DCF6904B6}.Debug|Any CPU.Build.0 = Debug|Any CPU
		{6F479BCE-A3F5-41E4-9CE2-B95DCF6904B6}.Release|Any CPU.ActiveCfg = Release|Any CPU
		{6F479BCE-A3F5-41E4-9CE2-B95DCF6904B6}.Release|Any CPU.Build.0 = Release|Any CPU
	EndGlobalSection
	GlobalSection(SolutionProperties) = preSolution
		HideSolutionNode = FALSE
	EndGlobalSection
EndGlobal
