
Microsoft Visual Studio Solution File, Format Version 12.00
# Visual Studio Express 2013 for Windows Desktop
VisualStudioVersion = 12.0.21005.1
MinimumVisualStudioVersion = 10.0.40219.1
Project("{2150E333-8FDC-42A3-9474-1A3956D46DE8}") = ".nuget", ".nuget", "{FE308375-3AEB-4647-A6BA-3580AA7C0AB4}"
	ProjectSection(SolutionItems) = preProject
		.nuget\NuGet.Config = .nuget\NuGet.Config
		.nuget\NuGet.exe = .nuget\NuGet.exe
		.nuget\NuGet.targets = .nuget\NuGet.targets
	EndProjectSection
EndProject
Project("{F2A71F9B-5D33-465A-A702-920D77279786}") = "ChatExample.Client", "ChatExample.Client\ChatExample.Client.fsproj", "{1D84A8E8-4138-4737-91F5-A39F6C57312B}"
EndProject
Project("{F2A71F9B-5D33-465A-A702-920D77279786}") = "ChatExample.Server", "ChatExample.Server\ChatExample.Server.fsproj", "{B926F8DC-E90D-4291-A946-57562E49CC0A}"
EndProject
Project("{F2A71F9B-5D33-465A-A702-920D77279786}") = "ChatExample.Shared", "ChatExample.Shared\ChatExample.Shared.fsproj", "{7035447A-9CFF-42CA-889A-043ED32FB771}"
EndProject
Global
	GlobalSection(SolutionConfigurationPlatforms) = preSolution
		Debug|Any CPU = Debug|Any CPU
		Release|Any CPU = Release|Any CPU
	EndGlobalSection
	GlobalSection(ProjectConfigurationPlatforms) = postSolution
		{1D84A8E8-4138-4737-91F5-A39F6C57312B}.Debug|Any CPU.ActiveCfg = Debug|Any CPU
		{1D84A8E8-4138-4737-91F5-A39F6C57312B}.Debug|Any CPU.Build.0 = Debug|Any CPU
		{1D84A8E8-4138-4737-91F5-A39F6C57312B}.Release|Any CPU.ActiveCfg = Release|Any CPU
		{1D84A8E8-4138-4737-91F5-A39F6C57312B}.Release|Any CPU.Build.0 = Release|Any CPU
		{B926F8DC-E90D-4291-A946-57562E49CC0A}.Debug|Any CPU.ActiveCfg = Debug|Any CPU
		{B926F8DC-E90D-4291-A946-57562E49CC0A}.Debug|Any CPU.Build.0 = Debug|Any CPU
		{B926F8DC-E90D-4291-A946-57562E49CC0A}.Release|Any CPU.ActiveCfg = Release|Any CPU
		{B926F8DC-E90D-4291-A946-57562E49CC0A}.Release|Any CPU.Build.0 = Release|Any CPU
		{7035447A-9CFF-42CA-889A-043ED32FB771}.Debug|Any CPU.ActiveCfg = Debug|Any CPU
		{7035447A-9CFF-42CA-889A-043ED32FB771}.Debug|Any CPU.Build.0 = Debug|Any CPU
		{7035447A-9CFF-42CA-889A-043ED32FB771}.Release|Any CPU.ActiveCfg = Release|Any CPU
		{7035447A-9CFF-42CA-889A-043ED32FB771}.Release|Any CPU.Build.0 = Release|Any CPU
	EndGlobalSection
	GlobalSection(SolutionProperties) = preSolution
		HideSolutionNode = FALSE
	EndGlobalSection
EndGlobal
